{
    "_readme": [
        "This file locks the dependencies of your project to a known state",
        "Read more about it at http://getcomposer.org/doc/01-basic-usage.md#composer-lock-the-lock-file"
    ],
    "hash": "ac4f010e19aab068129a4f3e0e45dec7",
    "packages": [
        {
            "name": "cakedc/migrations",
            "version": "2.2.3",
            "source": {
                "type": "git",
                "url": "https://github.com/CakeDC/migrations.git",
                "reference": "94036a606089c7e14b349eba043b0f58a0947e29"
            },
            "dist": {
                "type": "zip",
                "url": "https://api.github.com/repos/CakeDC/migrations/zipball/94036a606089c7e14b349eba043b0f58a0947e29",
                "reference": "94036a606089c7e14b349eba043b0f58a0947e29",
                "shasum": ""
            },
            "require": {
                "composer/installers": "*"
            },
            "type": "cakephp-plugin",
            "notification-url": "https://packagist.org/downloads/",
            "license": [
                "MIT"
            ],
            "authors": [
                {
                    "name": "Cake Development Corporation",
                    "email": "team@cakedc.com",
                    "homepage": "http://cakedc.com"
                }
            ],
            "description": "Migrations Plugin for CakePHP",
            "homepage": "http://cakedc.com",
            "keywords": [
                "cakephp",
                "migrations"
            ],
            "time": "2013-10-21 10:45:27"
        },
        {
            "name": "cakedc/tags",
            "version": "1.5.1",
            "source": {
                "type": "git",
                "url": "https://github.com/CakeDC/tags.git",
                "reference": "fba681438f7b76aa22bdcbf429e24950b3c00001"
            },
            "dist": {
                "type": "zip",
                "url": "https://api.github.com/repos/CakeDC/tags/zipball/fba681438f7b76aa22bdcbf429e24950b3c00001",
                "reference": "fba681438f7b76aa22bdcbf429e24950b3c00001",
                "shasum": ""
            },
            "require": {
                "composer/installers": "*",
                "php": ">=5.3.0"
            },
            "type": "cakephp-plugin",
            "extra": {
                "installer-name": "Tags"
            },
            "notification-url": "https://packagist.org/downloads/",
            "license": [
                "MIT"
            ],
            "authors": [
                {
                    "name": "Cake Development Corporation",
                    "email": "team@cakedc.com",
                    "homepage": "http://cakedc.com"
                }
            ],
            "description": "Tags plugin for CakePHP.",
            "homepage": "http://github.com/CakeDC/tags",
            "keywords": [
                "cakephp",
                "plugin",
                "tags"
            ],
            "time": "2014-01-27 00:21:22"
        },
        {
            "name": "cakedc/utils",
            "version": "1.4.3",
            "source": {
                "type": "git",
                "url": "https://github.com/CakeDC/utils.git",
                "reference": "ea48ed95b62517ddb046a46c17638726242121da"
            },
            "dist": {
                "type": "zip",
                "url": "https://api.github.com/repos/CakeDC/utils/zipball/ea48ed95b62517ddb046a46c17638726242121da",
                "reference": "ea48ed95b62517ddb046a46c17638726242121da",
                "shasum": ""
            },
            "require": {
                "composer/installers": "*"
            },
            "type": "cakephp-plugin",
            "notification-url": "https://packagist.org/downloads/",
            "license": [
                "MIT"
            ],
            "authors": [
                {
                    "name": "Cake Development Corporation",
                    "email": "team@cakedc.com",
                    "homepage": "http://cakedc.com"
                }
            ],
            "description": "Utils Plugin for CakePHP",
            "homepage": "http://cakedc.com",
            "keywords": [
                "cakephp",
                "utility"
            ],
            "time": "2014-03-30 21:42:43"
        },
        {
            "name": "cakephp/cakephp",
            "version": "2.4.7",
            "source": {
                "type": "git",
                "url": "https://github.com/cakephp/cakephp.git",
                "reference": "92800889a677899fd5c7a82fb7bab2cbfff887a3"
            },
            "dist": {
                "type": "zip",
                "url": "https://api.github.com/repos/cakephp/cakephp/zipball/92800889a677899fd5c7a82fb7bab2cbfff887a3",
                "reference": "92800889a677899fd5c7a82fb7bab2cbfff887a3",
                "shasum": ""
            },
            "require": {
                "ext-mcrypt": "*",
                "php": ">=5.2.8"
            },
            "require-dev": {
                "cakephp/debug_kit": "2.2.*",
                "phpunit/phpunit": "3.7.*"
            },
            "bin": [
                "lib/Cake/Console/cake"
            ],
            "type": "library",
            "notification-url": "https://packagist.org/downloads/",
            "license": [
                "MIT"
            ],
            "authors": [
                {
                    "name": "CakePHP Community",
                    "homepage": "https://github.com/cakephp/cakephp/graphs/contributors"
                }
            ],
            "description": "The CakePHP framework",
            "homepage": "http://cakephp.org",
            "keywords": [
                "framework"
            ],
            "time": "2014-04-05 02:25:48"
        },
        {
            "name": "cakephp/debug_kit",
            "version": "2.2.3",
            "source": {
                "type": "git",
                "url": "https://github.com/cakephp/debug_kit.git",
                "reference": "fce9fca6e2e54469c4826d26392322d3f2e3cb9d"
            },
            "dist": {
                "type": "zip",
                "url": "https://api.github.com/repos/cakephp/debug_kit/zipball/fce9fca6e2e54469c4826d26392322d3f2e3cb9d",
                "reference": "fce9fca6e2e54469c4826d26392322d3f2e3cb9d",
                "shasum": ""
            },
            "require": {
                "composer/installers": "*",
                "php": ">=5.3.0"
            },
            "type": "cakephp-plugin",
            "extra": {
                "branch-alias": {
                    "dev-master": "2.2.x-dev"
                },
                "installer-name": "DebugKit"
            },
            "notification-url": "https://packagist.org/downloads/",
            "license": [
                "MIT"
            ],
            "authors": [
                {
                    "name": "Mark Story",
                    "homepage": "http://mark-story.com",
                    "role": "Author"
                },
                {
                    "name": "CakePHP Community",
                    "homepage": "https://github.com/cakephp/debug_kit/graphs/contributors"
                }
            ],
            "description": "CakePHP Debug Kit",
            "homepage": "https://github.com/cakephp/debug_kit",
            "keywords": [
                "cakephp",
                "debug",
                "kit"
            ],
            "time": "2014-02-01 21:15:24"
        },
        {
            "name": "composer/installers",
            "version": "v1.0.13",
            "source": {
                "type": "git",
                "url": "https://github.com/composer/installers.git",
                "reference": "26d37e307f9aa6e2e81806a6525666f8ab5ba0ff"
            },
            "dist": {
                "type": "zip",
                "url": "https://api.github.com/repos/composer/installers/zipball/26d37e307f9aa6e2e81806a6525666f8ab5ba0ff",
                "reference": "26d37e307f9aa6e2e81806a6525666f8ab5ba0ff",
                "shasum": ""
            },
            "replace": {
                "shama/baton": "*"
            },
            "require-dev": {
                "composer/composer": "1.0.*@dev",
                "phpunit/phpunit": "3.7.*"
            },
            "type": "composer-installer",
            "extra": {
                "class": "Composer\\Installers\\Installer",
                "branch-alias": {
                    "dev-master": "1.0-dev"
                }
            },
            "autoload": {
                "psr-0": {
                    "Composer\\Installers\\": "src/"
                }
            },
            "notification-url": "https://packagist.org/downloads/",
            "license": [
                "MIT"
            ],
            "authors": [
                {
                    "name": "Kyle Robinson Young",
                    "email": "kyle@dontkry.com",
                    "homepage": "https://github.com/shama",
                    "role": "Developer"
                }
            ],
            "description": "A multi-framework Composer library installer",
            "homepage": "http://composer.github.com/installers/",
            "keywords": [
                "Craft",
                "Hurad",
                "MODX Evo",
                "OXID",
                "WolfCMS",
                "agl",
                "annotatecms",
                "cakephp",
                "codeigniter",
                "concrete5",
                "croogo",
                "drupal",
                "elgg",
                "fuelphp",
                "installer",
                "joomla",
                "kohana",
                "laravel",
                "lithium",
                "magento",
                "mako",
                "mediawiki",
                "modulework",
                "phpbb",
                "piwik",
                "ppi",
                "shopware",
                "silverstripe",
                "symfony",
                "typo3",
                "wordpress",
                "zend",
                "zikula"
            ],
            "time": "2014-04-09 16:12:43"
        },
        {
            "name": "cssmin/cssmin",
            "version": "3.0.1",
            "dist": {
                "type": "file",
                "url": "http://cssmin.googlecode.com/files/cssmin-v3.0.1.php",
                "reference": null,
                "shasum": null
            },
            "type": "library",
            "autoload": {
                "classmap": [
                    "cssmin-v3.0.1.php"
                ]
            }
        },
        {
            "name": "josegonzalez/cakephp-environments",
            "version": "1.0.0",
            "source": {
                "type": "git",
                "url": "https://github.com/josegonzalez/cakephp-environments.git",
                "reference": "3cdff916386b28d7e685504f8db6c86bc1b8a492"
            },
            "dist": {
                "type": "zip",
                "url": "https://api.github.com/repos/josegonzalez/cakephp-environments/zipball/3cdff916386b28d7e685504f8db6c86bc1b8a492",
                "reference": "3cdff916386b28d7e685504f8db6c86bc1b8a492",
                "shasum": ""
            },
            "require": {
                "composer/installers": "*"
            },
            "type": "cakephp-plugin",
            "extra": {
                "installer-name": "Environments"
            },
            "notification-url": "https://packagist.org/downloads/",
            "license": [
                "MIT"
            ],
            "authors": [
                {
                    "name": "David Kullmann",
                    "homepage": "https://github.com/dkullmann",
                    "role": "Contributor"
                },
                {
                    "name": "Jose Diaz-Gonzalez",
                    "email": "email@josediazgonzalez.com",
                    "homepage": "http://josediazgonzalez.com",
                    "role": "Maintainer"
                },
                {
                    "name": "David Steinsland",
                    "homepage": "https://github.com/davidsteinsland",
                    "role": "Contributor"
                }
            ],
            "description": "CakePHP plugin to handle environments-level configuration",
            "homepage": "http://github.com/josegonzalez/cakephp-environments",
            "keywords": [
                "cakephp",
                "configuration",
                "environments"
            ],
            "time": "2014-04-13 10:27:24"
        },
        {
            "name": "josegonzalez/cakephp-sanction",
            "version": "2.1.0",
            "source": {
                "type": "git",
                "url": "https://github.com/josegonzalez/cakephp-sanction.git",
                "reference": "0c06b4baf610a838f6855ba61f0e17361459c1bc"
            },
            "dist": {
                "type": "zip",
                "url": "https://api.github.com/repos/josegonzalez/cakephp-sanction/zipball/0c06b4baf610a838f6855ba61f0e17361459c1bc",
                "reference": "0c06b4baf610a838f6855ba61f0e17361459c1bc",
                "shasum": ""
            },
            "require": {
                "composer/installers": "*"
            },
            "type": "cakephp-plugin",
            "extra": {
                "installer-name": "Sanction"
            },
            "notification-url": "https://packagist.org/downloads/",
            "license": [
                "MIT"
            ],
            "authors": [
                {
                    "name": "Daniel Hollands",
                    "homepage": "https://github.com/LimeBlast",
                    "role": "Contributor"
                },
                {
                    "name": "Alan Blount",
                    "homepage": "https://github.com/zeroasterisk",
                    "role": "Contributor"
                },
                {
                    "name": "mreishus",
                    "homepage": "https://github.com/mreishus",
                    "role": "Contributor"
                },
                {
                    "name": "kaptron",
                    "homepage": "https://github.com/kaptron",
                    "role": "Contributor"
                },
                {
                    "name": "Rifat Nabi",
                    "homepage": "https://github.com/torifat",
                    "role": "Contributor"
                },
                {
                    "name": "Jose Diaz-Gonzalez",
                    "email": "email@josediazgonzalez.com",
                    "homepage": "http://josediazgonzalez.com",
                    "role": "Maintainer"
                }
            ],
            "description": "Centralize all of those permissions in a single file using the Sanction plugin.",
            "homepage": "http://github.com/josegonzalez/cakephp-sanction",
            "keywords": [
                "auth",
                "authorization",
                "cakephp"
            ],
            "time": "2014-04-13 10:13:12"
        },
        {
            "name": "josegonzalez/cakephp-sham",
            "version": "1.0.0",
            "source": {
                "type": "git",
                "url": "https://github.com/josegonzalez/cakephp-sham.git",
                "reference": "0a06129a957ff1396f8eae636482acb3a7deed41"
            },
            "dist": {
                "type": "zip",
                "url": "https://api.github.com/repos/josegonzalez/cakephp-sham/zipball/0a06129a957ff1396f8eae636482acb3a7deed41",
                "reference": "0a06129a957ff1396f8eae636482acb3a7deed41",
                "shasum": ""
            },
            "require": {
                "composer/installers": "*"
            },
            "type": "cakephp-plugin",
            "extra": {
                "installer-name": "Sham"
            },
            "notification-url": "https://packagist.org/downloads/",
            "license": [
                "MIT"
            ],
            "authors": [
                {
                    "name": "David Kullmann",
                    "homepage": "https://github.com/dkullmann",
                    "role": "Contributor"
                },
                {
                    "name": "Jose Diaz-Gonzalez",
                    "email": "email@josediazgonzalez.com",
                    "homepage": "http://josediazgonzalez.com",
                    "role": "Maintainer"
                },
                {
                    "name": "David Yell",
                    "homepage": "https://github.com/davidyell",
                    "role": "Contributor"
                }
            ],
            "description": "A CakePHP plugin for handling SEO-related information",
            "homepage": "http://github.com/josegonzalez/cakephp-sham",
            "keywords": [
                "cakephp",
                "seo"
            ],
            "time": "2014-04-13 10:36:23"
        },
        {
            "name": "markstory/asset_compress",
            "version": "v0.12",
            "source": {
                "type": "git",
                "url": "https://github.com/markstory/asset_compress.git",
                "reference": "c1870c2cfb9066fd74e978822a41244c3786f6ec"
            },
            "dist": {
                "type": "zip",
                "url": "https://api.github.com/repos/markstory/asset_compress/zipball/c1870c2cfb9066fd74e978822a41244c3786f6ec",
                "reference": "c1870c2cfb9066fd74e978822a41244c3786f6ec",
                "shasum": ""
            },
            "require": {
                "composer/installers": "*",
                "php": ">=5.3.0"
            },
            "type": "cakephp-plugin",
            "notification-url": "https://packagist.org/downloads/",
            "license": [
                "MIT"
            ],
            "authors": [
                {
                    "name": "Mark Story",
                    "homepage": "http://mark-story.com",
                    "role": "Author"
                }
            ],
            "description": "An asset compression plugin for CakePHP. Provides file concatenation and a flexible filter system for preprocessing and minification.",
            "homepage": "https://github.com/markstory/asset_compress",
            "keywords": [
                "assets",
                "cakephp",
                "coffee-script",
                "less",
                "minifier",
                "sass"
            ],
            "time": "2014-02-01 21:10:52"
        },
        {
            "name": "rgrove/jsmin-php",
            "version": "1.1.2",
            "dist": {
                "type": "file",
                "url": "https://raw.github.com/rgrove/jsmin-php/master/jsmin.php",
                "reference": null,
                "shasum": null
            },
            "type": "library",
            "autoload": {
                "classmap": [
                    "jsmin.php"
                ]
            }
        }
    ],
    "packages-dev": [

    ],
    "aliases": [

    ],
    "minimum-stability": "stable",
    "stability-flags": [

    ],
    "platform": {
        "php": ">=5.3"
    },
    "platform-dev": [

    ]
}
